{
  "name": "npx-swan-install-module",
  "version": "1.0.0",
  "lockfileVersion": 2,
  "requires": true,
  "packages": {
    "": {
      "version": "1.0.0",
      "license": "ISC",
      "dependencies": {
        "swan-run-command": "^1.0.0"
      }
    },
    "node_modules/swan-run-command": {
      "version": "1.0.0",
      "resolved": "https://registry.npmjs.org/swan-run-command/-/swan-run-command-1.0.0.tgz",
      "integrity": "sha512-nlztHIfsamc6b2OhwVde5ux3kki53OjhG1lpvukerjk3U1WCBrxdzH0fSI6Ljv7PwYrKRjpqOGiUwiSjZTTz1A=="
    }
  },
  "dependencies": {
    "swan-run-command": {
      "version": "1.0.0",
      "resolved": "https://registry.npmjs.org/swan-run-command/-/swan-run-command-1.0.0.tgz",
      "integrity": "sha512-nlztHIfsamc6b2OhwVde5ux3kki53OjhG1lpvukerjk3U1WCBrxdzH0fSI6Ljv7PwYrKRjpqOGiUwiSjZTTz1A=="
    }
  }
}
